<?xml version="1.0" encoding="utf-8"?>
<Project ToolsVersion="4.0" xmlns="http://schemas.microsoft.com/developer/msbuild/2003">
  <ItemGroup>
    <Filter Include="Source Files">
      <UniqueIdentifier>{4FC737F1-C7A5-4376-A066-2A32D752A2FF}</UniqueIdentifier>
      <Extensions>cpp;c;cc;cxx;def;odl;idl;hpj;bat;asm;asmx</Extensions>
    </Filter>
    <Filter Include="Header Files">
      <UniqueIdentifier>{93995380-89BD-4b04-88EB-625FBE52EBFB}</UniqueIdentifier>
      <Extensions>h;hh;hpp;hxx;hm;inl;inc;xsd</Extensions>
    </Filter>
    <Filter Include="Resource Files">
      <UniqueIdentifier>{67DA6AB6-F800-4c08-8B7A-83BB121AAD01}</UniqueIdentifier>
      <Extensions>rc;ico;cur;bmp;dlg;rc2;rct;bin;rgs;gif;jpg;jpeg;jpe;resx;tiff;tif;png;wav;mfcribbon-ms</Extensions>
    </Filter>
    <Filter Include="Header Files\Mesh">
      <UniqueIdentifier>{78d90583-7dd7-44fe-972e-b2891af3d158}</UniqueIdentifier>
    </Filter>
    <Filter Include="Source Files\Mesh">
      <UniqueIdentifier>{f90c8e20-77c8-4fb4-8983-f30f13532363}</UniqueIdentifier>
    </Filter>
    <Filter Include="Resource Files\Debug">
      <UniqueIdentifier>{36ac4b8e-8885-45f6-a826-7cbeeaed835b}</UniqueIdentifier>
    </Filter>
    <Filter Include="Header Files\Lights">
      <UniqueIdentifier>{1c01f3c5-736d-4d08-ad23-36508aab10f6}</UniqueIdentifier>
    </Filter>
    <Filter Include="Resource Files\Tests">
      <UniqueIdentifier>{c068cceb-03c2-4c4c-82ba-ac3ab393d13b}</UniqueIdentifier>
    </Filter>
  </ItemGroup>
  <ItemGroup>
    <ClCompile Include="main.cpp">
      <Filter>Source Files</Filter>
    </ClCompile>
    <ClCompile Include="MainGame.cpp">
      <Filter>Source Files</Filter>
    </ClCompile>
    <ClCompile Include="Display.cpp">
      <Filter>Source Files</Filter>
    </ClCompile>
    <ClCompile Include="Shader.cpp">
      <Filter>Source Files</Filter>
    </ClCompile>
    <ClCompile Include="Texture.cpp">
      <Filter>Source Files</Filter>
    </ClCompile>
    <ClCompile Include="GameObject.cpp">
      <Filter>Source Files</Filter>
    </ClCompile>
    <ClCompile Include="Mesh.cpp">
      <Filter>Source Files\Mesh</Filter>
    </ClCompile>
    <ClCompile Include="Model.cpp">
      <Filter>Source Files\Mesh</Filter>
    </ClCompile>
    <ClCompile Include="stb_image_loader.cpp">
      <Filter>Source Files</Filter>
    </ClCompile>
    <ClCompile Include="Cubemap.cpp">
      <Filter>Source Files</Filter>
    </ClCompile>
    <ClCompile Include="Skybox.cpp">
      <Filter>Source Files</Filter>
    </ClCompile>
    <ClCompile Include="InputManager.cpp">
      <Filter>Source Files</Filter>
    </ClCompile>
  </ItemGroup>
  <ItemGroup>
    <ClInclude Include="MainGame.h">
      <Filter>Header Files</Filter>
    </ClInclude>
    <ClInclude Include="Display.h">
      <Filter>Header Files</Filter>
    </ClInclude>
    <ClInclude Include="Shader.h">
      <Filter>Header Files</Filter>
    </ClInclude>
    <ClInclude Include="stb_image.h">
      <Filter>Header Files</Filter>
    </ClInclude>
    <ClInclude Include="Texture.h">
      <Filter>Header Files</Filter>
    </ClInclude>
    <ClInclude Include="transform.h">
      <Filter>Header Files</Filter>
    </ClInclude>
    <ClInclude Include="Camera.h">
      <Filter>Header Files</Filter>
    </ClInclude>
    <ClInclude Include="GameObject.h">
      <Filter>Header Files</Filter>
    </ClInclude>
    <ClInclude Include="Gradient.h">
      <Filter>Header Files</Filter>
    </ClInclude>
    <ClInclude Include="Mesh.h">
      <Filter>Header Files\Mesh</Filter>
    </ClInclude>
    <ClInclude Include="Vertex.h">
      <Filter>Header Files\Mesh</Filter>
    </ClInclude>
    <ClInclude Include="Sphere.h">
      <Filter>Header Files\Mesh</Filter>
    </ClInclude>
    <ClInclude Include="Model.h">
      <Filter>Header Files\Mesh</Filter>
    </ClInclude>
    <ClInclude Include="Cubemap.h">
      <Filter>Header Files</Filter>
    </ClInclude>
    <ClInclude Include="Skybox.h">
      <Filter>Header Files</Filter>
    </ClInclude>
    <ClInclude Include="Light.h">
      <Filter>Header Files\Lights</Filter>
    </ClInclude>
    <ClInclude Include="PointLight.h">
      <Filter>Header Files\Lights</Filter>
    </ClInclude>
    <ClInclude Include="DirectionalLight.h">
      <Filter>Header Files\Lights</Filter>
    </ClInclude>
    <ClInclude Include="InputManager.h">
      <Filter>Header Files</Filter>
    </ClInclude>
  </ItemGroup>
  <ItemGroup>
    <None Include="..\res\Shaders\Tests\LightingTests.frag">
      <Filter>Resource Files</Filter>
    </None>
    <None Include="..\res\Shaders\Tests\LightingTests.vert">
      <Filter>Resource Files</Filter>
    </None>
    <None Include="..\res\Shaders\Tests\SkyboxTest.frag">
      <Filter>Resource Files</Filter>
    </None>
    <None Include="..\res\Shaders\Tests\SkyboxTest.vert">
      <Filter>Resource Files</Filter>
    </None>
    <None Include="..\res\Shaders\DefaultTexture.frag">
      <Filter>Resource Files\Debug</Filter>
    </None>
    <None Include="..\res\Shaders\DefaultTexture.vert">
      <Filter>Resource Files\Debug</Filter>
    </None>
    <None Include="..\res\Shaders\Tests\TerrainTexture.frag">
      <Filter>Resource Files</Filter>
    </None>
    <None Include="..\res\Shaders\Tests\TerrainTexture.vert">
      <Filter>Resource Files</Filter>
    </None>
    <None Include="..\res\Shaders\Tests\rimLighting.vert">
      <Filter>Resource Files\Tests</Filter>
    </None>
    <None Include="..\res\Shaders\Tests\NormalMapping.frag">
      <Filter>Resource Files\Tests</Filter>
    </None>
    <None Include="..\res\Shaders\Tests\NormalMapping.vert">
      <Filter>Resource Files\Tests</Filter>
    </None>
    <None Include="..\res\Shaders\Tests\NormalsTest.frag">
      <Filter>Resource Files\Tests</Filter>
    </None>
    <None Include="..\res\Shaders\Tests\NormalsTest.vert">
      <Filter>Resource Files\Tests</Filter>
    </None>
    <None Include="..\res\Shaders\Tests\rimLighting.frag">
      <Filter>Resource Files\Tests</Filter>
    </None>
    <None Include="..\res\Shaders\Tests\fogShader.vert">
      <Filter>Resource Files\Tests</Filter>
    </None>
    <None Include="..\res\Shaders\Tests\fogShader.frag">
      <Filter>Resource Files\Tests</Filter>
    </None>
    <None Include="..\res\Shaders\RenderToDepth.frag">
      <Filter>Resource Files</Filter>
    </None>
    <None Include="..\res\Shaders\RenderToDepth.vert">
      <Filter>Resource Files</Filter>
    </None>
    <None Include="..\res\Shaders\Tests\BasicShadows.frag">
      <Filter>Resource Files\Tests</Filter>
    </None>
    <None Include="..\res\Shaders\Tests\BasicShadows.vert">
      <Filter>Resource Files\Tests</Filter>
    </None>
  </ItemGroup>
</Project>